
Microsoft Visual Studio Solution File, Format Version 12.00
# Visual Studio Version 17
VisualStudioVersion = 17.0.31903.59
MinimumVisualStudioVersion = 10.0.40219.1
Project("{FAE04EC0-301F-11D3-BF4B-00C04F79EFBC}") = "Npgsql.Pipelines.Tests", "Npgsql.Pipelines.Tests\Npgsql.Pipelines.Tests.csproj", "{04E6CF07-54BD-4A05-A27D-04771F0B2F52}"
EndProject
Project("{FAE04EC0-301F-11D3-BF4B-00C04F79EFBC}") = "Npgsql.Pipelines", "Npgsql.Pipelines\Npgsql.Pipelines.csproj", "{FB35D5D4-4CB9-4BCA-90C9-EFB80CFDF3D7}"
EndProject
Global
	GlobalSection(SolutionConfigurationPlatforms) = preSolution
		Debug|Any CPU = Debug|Any CPU
		Release|Any CPU = Release|Any CPU
	EndGlobalSection
	GlobalSection(SolutionProperties) = preSolution
		HideSolutionNode = FALSE
	EndGlobalSection
	GlobalSection(ProjectConfigurationPlatforms) = postSolution
		{04E6CF07-54BD-4A05-A27D-04771F0B2F52}.Debug|Any CPU.ActiveCfg = Debug|Any CPU
		{04E6CF07-54BD-4A05-A27D-04771F0B2F52}.Debug|Any CPU.Build.0 = Debug|Any CPU
		{04E6CF07-54BD-4A05-A27D-04771F0B2F52}.Release|Any CPU.ActiveCfg = Release|Any CPU
		{04E6CF07-54BD-4A05-A27D-04771F0B2F52}.Release|Any CPU.Build.0 = Release|Any CPU
		{FB35D5D4-4CB9-4BCA-90C9-EFB80CFDF3D7}.Debug|Any CPU.ActiveCfg = Debug|Any CPU
		{FB35D5D4-4CB9-4BCA-90C9-EFB80CFDF3D7}.Debug|Any CPU.Build.0 = Debug|Any CPU
		{FB35D5D4-4CB9-4BCA-90C9-EFB80CFDF3D7}.Release|Any CPU.ActiveCfg = Release|Any CPU
		{FB35D5D4-4CB9-4BCA-90C9-EFB80CFDF3D7}.Release|Any CPU.Build.0 = Release|Any CPU
	EndGlobalSection
EndGlobal
